
Microsoft Visual Studio Solution File, Format Version 12.00
# Visual Studio Version 17
VisualStudioVersion = 17.2.32616.157
MinimumVisualStudioVersion = 10.0.40219.1
Project("{FAE04EC0-301F-11D3-BF4B-00C04F79EFBC}") = "Pong", "Pong\Pong.csproj", "{4FAED983-DD98-420C-9431-9F6D2C85E63D}"
EndProject
Global
	GlobalSection(SolutionConfigurationPlatforms) = preSolution
		Debug|Any CPU = Debug|Any CPU
		Release|Any CPU = Release|Any CPU
	EndGlobalSection
	GlobalSection(ProjectConfigurationPlatforms) = postSolution
		{4FAED983-DD98-420C-9431-9F6D2C85E63D}.Debug|Any CPU.ActiveCfg = Debug|Any CPU
		{4FAED983-DD98-420C-9431-9F6D2C85E63D}.Debug|Any CPU.Build.0 = Debug|Any CPU
		{4FAED983-DD98-420C-9431-9F6D2C85E63D}.Release|Any CPU.ActiveCfg = Release|Any CPU
		{4FAED983-DD98-420C-9431-9F6D2C85E63D}.Release|Any CPU.Build.0 = Release|Any CPU
	EndGlobalSection
	GlobalSection(SolutionProperties) = preSolution
		HideSolutionNode = FALSE
	EndGlobalSection
	GlobalSection(ExtensibilityGlobals) = postSolution
		SolutionGuid = {95F3C51A-B759-4A06-877E-157C457E426C}
	EndGlobalSection
EndGlobal
